
Microsoft Visual Studio Solution File, Format Version 12.00
# Visual Studio Version 17
VisualStudioVersion = 17.14.36414.22 d17.14
MinimumVisualStudioVersion = 10.0.40219.1
Project("{FAE04EC0-301F-11D3-BF4B-00C04F79EFBC}") = "UseOfMVVM", "UseOfMVVM\UseOfMVVM.csproj", "{98C8FA6A-5A7D-47FE-A05A-2814DD8732D2}"
EndProject
Global
	GlobalSection(SolutionConfigurationPlatforms) = preSolution
		Debug|Any CPU = Debug|Any CPU
		Release|Any CPU = Release|Any CPU
	EndGlobalSection
	GlobalSection(ProjectConfigurationPlatforms) = postSolution
		{98C8FA6A-5A7D-47FE-A05A-2814DD8732D2}.Debug|Any CPU.ActiveCfg = Debug|Any CPU
		{98C8FA6A-5A7D-47FE-A05A-2814DD8732D2}.Debug|Any CPU.Build.0 = Debug|Any CPU
		{98C8FA6A-5A7D-47FE-A05A-2814DD8732D2}.Debug|Any CPU.Deploy.0 = Debug|Any CPU
		{98C8FA6A-5A7D-47FE-A05A-2814DD8732D2}.Release|Any CPU.ActiveCfg = Release|Any CPU
		{98C8FA6A-5A7D-47FE-A05A-2814DD8732D2}.Release|Any CPU.Build.0 = Release|Any CPU
		{98C8FA6A-5A7D-47FE-A05A-2814DD8732D2}.Release|Any CPU.Deploy.0 = Release|Any CPU
	EndGlobalSection
	GlobalSection(SolutionProperties) = preSolution
		HideSolutionNode = FALSE
	EndGlobalSection
	GlobalSection(ExtensibilityGlobals) = postSolution
		SolutionGuid = {A287AD14-EC4C-4E8F-9E67-6F10DA7A9581}
	EndGlobalSection
EndGlobal
